
Microsoft Visual Studio Solution File, Format Version 12.00
# Visual Studio Version 17
VisualStudioVersion = 17.5.002.0
MinimumVisualStudioVersion = 10.0.40219.1
Project("{9A19103F-16F7-4668-BE54-9A1E7A4F7556}") = "IntermediateCode", "IntermediateCode.csproj", "{88E4756C-C497-4F59-A5A5-00F9DB94895B}"
EndProject
Global
	GlobalSection(SolutionConfigurationPlatforms) = preSolution
		Debug|Any CPU = Debug|Any CPU
		Release|Any CPU = Release|Any CPU
	EndGlobalSection
	GlobalSection(ProjectConfigurationPlatforms) = postSolution
		{88E4756C-C497-4F59-A5A5-00F9DB94895B}.Debug|Any CPU.ActiveCfg = Debug|Any CPU
		{88E4756C-C497-4F59-A5A5-00F9DB94895B}.Debug|Any CPU.Build.0 = Debug|Any CPU
		{88E4756C-C497-4F59-A5A5-00F9DB94895B}.Release|Any CPU.ActiveCfg = Release|Any CPU
		{88E4756C-C497-4F59-A5A5-00F9DB94895B}.Release|Any CPU.Build.0 = Release|Any CPU
	EndGlobalSection
	GlobalSection(SolutionProperties) = preSolution
		HideSolutionNode = FALSE
	EndGlobalSection
	GlobalSection(ExtensibilityGlobals) = postSolution
		SolutionGuid = {0017E847-FC4E-4F88-B629-2B98A6786A4A}
	EndGlobalSection
EndGlobal
